
Microsoft Visual Studio Solution File, Format Version 12.00
# Visual Studio 14
VisualStudioVersion = 14.0.25420.1
MinimumVisualStudioVersion = 10.0.40219.1
Project("{2150E333-8FDC-42A3-9474-1A3956D46DE8}") = "001-接口定义", "001-接口定义", "{BE4C1B14-EB35-4D48-B62A-9840CF8B3761}"
EndProject
Project("{2150E333-8FDC-42A3-9474-1A3956D46DE8}") = "002-实现定义", "002-实现定义", "{6FFE5A92-AF87-48C7-BB8A-992E1120B437}"
EndProject
Project("{FAE04EC0-301F-11D3-BF4B-00C04F79EFBC}") = "FuDong", "FuDong\FuDong.csproj", "{DF2C0439-4344-4814-A388-507536292503}"
EndProject
Project("{FAE04EC0-301F-11D3-BF4B-00C04F79EFBC}") = "FuDong.Common", "FuDong.Common\FuDong.Common.csproj", "{B894CDC8-789E-45B0-8050-176CDAAEE2AD}"
EndProject
Project("{2150E333-8FDC-42A3-9474-1A3956D46DE8}") = "1-Data(数据模型层)", "1-Data(数据模型层)", "{6F6ED112-4449-4233-A662-0332056C03D2}"
EndProject
Project("{2150E333-8FDC-42A3-9474-1A3956D46DE8}") = "2-DAL(数据访问层)", "2-DAL(数据访问层)", "{19129A23-650C-4057-B304-61F7AEC4304E}"
EndProject
Project("{2150E333-8FDC-42A3-9474-1A3956D46DE8}") = "3-BLL(服务层)", "3-BLL(服务层)", "{996188C4-F85F-401B-B328-23076D08D4D2}"
EndProject
Project("{2150E333-8FDC-42A3-9474-1A3956D46DE8}") = "0-接口层", "0-接口层", "{BF8269B1-F5CB-49AE-98CB-EF8AFB901EBB}"
EndProject
Project("{FAE04EC0-301F-11D3-BF4B-00C04F79EFBC}") = "GanGao.Interfaces", "GanGao.Interfaces\GanGao.Interfaces.csproj", "{145A9B25-FDA3-40F6-B1FA-8A0A8E3819BB}"
EndProject
Project("{FAE04EC0-301F-11D3-BF4B-00C04F79EFBC}") = "GanGao.Data", "GanGao.Data\GanGao.Data.csproj", "{4C3E5686-DBEF-44C3-8D57-F46E99FF4935}"
EndProject
Project("{FAE04EC0-301F-11D3-BF4B-00C04F79EFBC}") = "GanGao.DAL", "GanGao.DAL\GanGao.DAL.csproj", "{1249C4C7-8FD5-4416-9340-E27BE391AEF6}"
EndProject
Project("{FAE04EC0-301F-11D3-BF4B-00C04F79EFBC}") = "GanGao.BLL", "GanGao.BLL\GanGao.BLL.csproj", "{F14D9E78-09CB-497D-A825-68EC90EEA6DF}"
EndProject
Project("{2150E333-8FDC-42A3-9474-1A3956D46DE8}") = "4-WebAPI(RESTfulHTTP服务)", "4-WebAPI(RESTfulHTTP服务)", "{105E1158-01A0-4221-A3A6-A7A946AA5C2A}"
EndProject
Project("{FAE04EC0-301F-11D3-BF4B-00C04F79EFBC}") = "GanGao.RESTful", "GanGao.RESTful\GanGao.RESTful.csproj", "{D46338A2-52AC-4D1C-80CF-333F3CEDA254}"
EndProject
Project("{2150E333-8FDC-42A3-9474-1A3956D46DE8}") = "9-WXAPI(提供微信使用的测试API）", "9-WXAPI(提供微信使用的测试API）", "{59EF828A-1613-4A82-840B-EBB0E9D62FD9}"
EndProject
Project("{FAE04EC0-301F-11D3-BF4B-00C04F79EFBC}") = "GanGao.WX", "GanGao.WX\GanGao.WX.csproj", "{4A6A83AD-F333-48A3-A419-739AD3BB7A7E}"
EndProject
Project("{FAE04EC0-301F-11D3-BF4B-00C04F79EFBC}") = "GanGao.WX.SelfHost", "GanGao.WX.SelfHost\GanGao.WX.SelfHost.csproj", "{732974B1-3EB6-4667-BCDE-38785C8DDB56}"
EndProject
Project("{FAE04EC0-301F-11D3-BF4B-00C04F79EFBC}") = "GanGao.API.Host", "GanGao.API.Host\GanGao.API.Host.csproj", "{218D951C-1F9C-4863-89E7-1B5B18B049CA}"
EndProject
Project("{FAE04EC0-301F-11D3-BF4B-00C04F79EFBC}") = "GanGao.API", "GanGao.API\GanGao.API.csproj", "{0F29AACC-7801-4B38-8059-4CBCEC9B7FC9}"
EndProject
Project("{FAE04EC0-301F-11D3-BF4B-00C04F79EFBC}") = "RestFul.Host", "RestFul.Host\RestFul.Host.csproj", "{70017F66-9B09-45FD-A38F-9DCACACF26E8}"
EndProject
Global
	GlobalSection(SolutionConfigurationPlatforms) = preSolution
		Debug|Any CPU = Debug|Any CPU
		Release|Any CPU = Release|Any CPU
	EndGlobalSection
	GlobalSection(ProjectConfigurationPlatforms) = postSolution
		{DF2C0439-4344-4814-A388-507536292503}.Debug|Any CPU.ActiveCfg = Debug|Any CPU
		{DF2C0439-4344-4814-A388-507536292503}.Debug|Any CPU.Build.0 = Debug|Any CPU
		{DF2C0439-4344-4814-A388-507536292503}.Release|Any CPU.ActiveCfg = Release|Any CPU
		{DF2C0439-4344-4814-A388-507536292503}.Release|Any CPU.Build.0 = Release|Any CPU
		{B894CDC8-789E-45B0-8050-176CDAAEE2AD}.Debug|Any CPU.ActiveCfg = Debug|Any CPU
		{B894CDC8-789E-45B0-8050-176CDAAEE2AD}.Debug|Any CPU.Build.0 = Debug|Any CPU
		{B894CDC8-789E-45B0-8050-176CDAAEE2AD}.Release|Any CPU.ActiveCfg = Release|Any CPU
		{B894CDC8-789E-45B0-8050-176CDAAEE2AD}.Release|Any CPU.Build.0 = Release|Any CPU
		{145A9B25-FDA3-40F6-B1FA-8A0A8E3819BB}.Debug|Any CPU.ActiveCfg = Debug|Any CPU
		{145A9B25-FDA3-40F6-B1FA-8A0A8E3819BB}.Debug|Any CPU.Build.0 = Debug|Any CPU
		{145A9B25-FDA3-40F6-B1FA-8A0A8E3819BB}.Release|Any CPU.ActiveCfg = Release|Any CPU
		{145A9B25-FDA3-40F6-B1FA-8A0A8E3819BB}.Release|Any CPU.Build.0 = Release|Any CPU
		{4C3E5686-DBEF-44C3-8D57-F46E99FF4935}.Debug|Any CPU.ActiveCfg = Debug|Any CPU
		{4C3E5686-DBEF-44C3-8D57-F46E99FF4935}.Debug|Any CPU.Build.0 = Debug|Any CPU
		{4C3E5686-DBEF-44C3-8D57-F46E99FF4935}.Release|Any CPU.ActiveCfg = Release|Any CPU
		{4C3E5686-DBEF-44C3-8D57-F46E99FF4935}.Release|Any CPU.Build.0 = Release|Any CPU
		{1249C4C7-8FD5-4416-9340-E27BE391AEF6}.Debug|Any CPU.ActiveCfg = Debug|Any CPU
		{1249C4C7-8FD5-4416-9340-E27BE391AEF6}.Debug|Any CPU.Build.0 = Debug|Any CPU
		{1249C4C7-8FD5-4416-9340-E27BE391AEF6}.Release|Any CPU.ActiveCfg = Release|Any CPU
		{1249C4C7-8FD5-4416-9340-E27BE391AEF6}.Release|Any CPU.Build.0 = Release|Any CPU
		{F14D9E78-09CB-497D-A825-68EC90EEA6DF}.Debug|Any CPU.ActiveCfg = Debug|Any CPU
		{F14D9E78-09CB-497D-A825-68EC90EEA6DF}.Debug|Any CPU.Build.0 = Debug|Any CPU
		{F14D9E78-09CB-497D-A825-68EC90EEA6DF}.Release|Any CPU.ActiveCfg = Release|Any CPU
		{F14D9E78-09CB-497D-A825-68EC90EEA6DF}.Release|Any CPU.Build.0 = Release|Any CPU
		{D46338A2-52AC-4D1C-80CF-333F3CEDA254}.Debug|Any CPU.ActiveCfg = Debug|Any CPU
		{D46338A2-52AC-4D1C-80CF-333F3CEDA254}.Debug|Any CPU.Build.0 = Debug|Any CPU
		{D46338A2-52AC-4D1C-80CF-333F3CEDA254}.Release|Any CPU.ActiveCfg = Release|Any CPU
		{D46338A2-52AC-4D1C-80CF-333F3CEDA254}.Release|Any CPU.Build.0 = Release|Any CPU
		{4A6A83AD-F333-48A3-A419-739AD3BB7A7E}.Debug|Any CPU.ActiveCfg = Debug|Any CPU
		{4A6A83AD-F333-48A3-A419-739AD3BB7A7E}.Debug|Any CPU.Build.0 = Debug|Any CPU
		{4A6A83AD-F333-48A3-A419-739AD3BB7A7E}.Release|Any CPU.ActiveCfg = Release|Any CPU
		{4A6A83AD-F333-48A3-A419-739AD3BB7A7E}.Release|Any CPU.Build.0 = Release|Any CPU
		{732974B1-3EB6-4667-BCDE-38785C8DDB56}.Debug|Any CPU.ActiveCfg = Debug|Any CPU
		{732974B1-3EB6-4667-BCDE-38785C8DDB56}.Debug|Any CPU.Build.0 = Debug|Any CPU
		{732974B1-3EB6-4667-BCDE-38785C8DDB56}.Release|Any CPU.ActiveCfg = Release|Any CPU
		{732974B1-3EB6-4667-BCDE-38785C8DDB56}.Release|Any CPU.Build.0 = Release|Any CPU
		{218D951C-1F9C-4863-89E7-1B5B18B049CA}.Debug|Any CPU.ActiveCfg = Debug|Any CPU
		{218D951C-1F9C-4863-89E7-1B5B18B049CA}.Debug|Any CPU.Build.0 = Debug|Any CPU
		{218D951C-1F9C-4863-89E7-1B5B18B049CA}.Release|Any CPU.ActiveCfg = Release|Any CPU
		{218D951C-1F9C-4863-89E7-1B5B18B049CA}.Release|Any CPU.Build.0 = Release|Any CPU
		{0F29AACC-7801-4B38-8059-4CBCEC9B7FC9}.Debug|Any CPU.ActiveCfg = Debug|Any CPU
		{0F29AACC-7801-4B38-8059-4CBCEC9B7FC9}.Debug|Any CPU.Build.0 = Debug|Any CPU
		{0F29AACC-7801-4B38-8059-4CBCEC9B7FC9}.Release|Any CPU.ActiveCfg = Release|Any CPU
		{0F29AACC-7801-4B38-8059-4CBCEC9B7FC9}.Release|Any CPU.Build.0 = Release|Any CPU
		{70017F66-9B09-45FD-A38F-9DCACACF26E8}.Debug|Any CPU.ActiveCfg = Debug|Any CPU
		{70017F66-9B09-45FD-A38F-9DCACACF26E8}.Debug|Any CPU.Build.0 = Debug|Any CPU
		{70017F66-9B09-45FD-A38F-9DCACACF26E8}.Release|Any CPU.ActiveCfg = Release|Any CPU
		{70017F66-9B09-45FD-A38F-9DCACACF26E8}.Release|Any CPU.Build.0 = Release|Any CPU
	EndGlobalSection
	GlobalSection(SolutionProperties) = preSolution
		HideSolutionNode = FALSE
	EndGlobalSection
	GlobalSection(NestedProjects) = preSolution
		{DF2C0439-4344-4814-A388-507536292503} = {6FFE5A92-AF87-48C7-BB8A-992E1120B437}
		{B894CDC8-789E-45B0-8050-176CDAAEE2AD} = {BE4C1B14-EB35-4D48-B62A-9840CF8B3761}
		{145A9B25-FDA3-40F6-B1FA-8A0A8E3819BB} = {BF8269B1-F5CB-49AE-98CB-EF8AFB901EBB}
		{4C3E5686-DBEF-44C3-8D57-F46E99FF4935} = {6F6ED112-4449-4233-A662-0332056C03D2}
		{1249C4C7-8FD5-4416-9340-E27BE391AEF6} = {19129A23-650C-4057-B304-61F7AEC4304E}
		{F14D9E78-09CB-497D-A825-68EC90EEA6DF} = {996188C4-F85F-401B-B328-23076D08D4D2}
		{D46338A2-52AC-4D1C-80CF-333F3CEDA254} = {105E1158-01A0-4221-A3A6-A7A946AA5C2A}
		{4A6A83AD-F333-48A3-A419-739AD3BB7A7E} = {59EF828A-1613-4A82-840B-EBB0E9D62FD9}
		{732974B1-3EB6-4667-BCDE-38785C8DDB56} = {59EF828A-1613-4A82-840B-EBB0E9D62FD9}
		{218D951C-1F9C-4863-89E7-1B5B18B049CA} = {105E1158-01A0-4221-A3A6-A7A946AA5C2A}
		{0F29AACC-7801-4B38-8059-4CBCEC9B7FC9} = {105E1158-01A0-4221-A3A6-A7A946AA5C2A}
		{70017F66-9B09-45FD-A38F-9DCACACF26E8} = {105E1158-01A0-4221-A3A6-A7A946AA5C2A}
	EndGlobalSection
EndGlobal
