
Microsoft Visual Studio Solution File, Format Version 12.00
# Visual Studio 14
VisualStudioVersion = 14.0.25420.1
MinimumVisualStudioVersion = 10.0.40219.1
Project("{2150E333-8FDC-42A3-9474-1A3956D46DE8}") = "001-接口定义", "001-接口定义", "{BE4C1B14-EB35-4D48-B62A-9840CF8B3761}"
EndProject
Project("{2150E333-8FDC-42A3-9474-1A3956D46DE8}") = "002-实现定义", "002-实现定义", "{6FFE5A92-AF87-48C7-BB8A-992E1120B437}"
EndProject
Project("{FAE04EC0-301F-11D3-BF4B-00C04F79EFBC}") = "FuDong", "FuDong\FuDong.csproj", "{DF2C0439-4344-4814-A388-507536292503}"
EndProject
Project("{FAE04EC0-301F-11D3-BF4B-00C04F79EFBC}") = "FuDong.Common", "FuDong.Common\FuDong.Common.csproj", "{B894CDC8-789E-45B0-8050-176CDAAEE2AD}"
EndProject
Project("{2150E333-8FDC-42A3-9474-1A3956D46DE8}") = "1-Data(数据模型层)", "1-Data(数据模型层)", "{6F6ED112-4449-4233-A662-0332056C03D2}"
EndProject
Project("{2150E333-8FDC-42A3-9474-1A3956D46DE8}") = "2-DAL(数据访问层)", "2-DAL(数据访问层)", "{19129A23-650C-4057-B304-61F7AEC4304E}"
EndProject
Project("{2150E333-8FDC-42A3-9474-1A3956D46DE8}") = "3-BLL(服务层)", "3-BLL(服务层)", "{996188C4-F85F-401B-B328-23076D08D4D2}"
EndProject
Project("{2150E333-8FDC-42A3-9474-1A3956D46DE8}") = "0-接口层", "0-接口层", "{BF8269B1-F5CB-49AE-98CB-EF8AFB901EBB}"
EndProject
Project("{FAE04EC0-301F-11D3-BF4B-00C04F79EFBC}") = "GanGao.Interfaces", "GanGao.Interfaces\GanGao.Interfaces.csproj", "{145A9B25-FDA3-40F6-B1FA-8A0A8E3819BB}"
EndProject
Project("{FAE04EC0-301F-11D3-BF4B-00C04F79EFBC}") = "GanGao.Data", "GanGao.Data\GanGao.Data.csproj", "{4C3E5686-DBEF-44C3-8D57-F46E99FF4935}"
EndProject
Project("{FAE04EC0-301F-11D3-BF4B-00C04F79EFBC}") = "GanGao.DAL", "GanGao.DAL\GanGao.DAL.csproj", "{1249C4C7-8FD5-4416-9340-E27BE391AEF6}"
EndProject
Project("{FAE04EC0-301F-11D3-BF4B-00C04F79EFBC}") = "GanGao.BLL", "GanGao.BLL\GanGao.BLL.csproj", "{F14D9E78-09CB-497D-A825-68EC90EEA6DF}"
EndProject
Project("{2150E333-8FDC-42A3-9474-1A3956D46DE8}") = "4-WebAPI(RESTfulHTTP服务)", "4-WebAPI(RESTfulHTTP服务)", "{105E1158-01A0-4221-A3A6-A7A946AA5C2A}"
EndProject
Project("{FAE04EC0-301F-11D3-BF4B-00C04F79EFBC}") = "GanGao.API", "GanGao.API\GanGao.API.csproj", "{0F29AACC-7801-4B38-8059-4CBCEC9B7FC9}"
EndProject
Project("{2150E333-8FDC-42A3-9474-1A3956D46DE8}") = "5-OAuth2.0 Server", "5-OAuth2.0 Server", "{23ED7DFF-423C-4CE1-BE2A-610F427880D4}"
EndProject
Project("{FAE04EC0-301F-11D3-BF4B-00C04F79EFBC}") = "GanGao.OAuth.Host", "GanGao.OAuth.Host\GanGao.OAuth.Host.csproj", "{5B710635-0AC0-4940-A6E7-AEBC58413FC4}"
EndProject
Project("{FAE04EC0-301F-11D3-BF4B-00C04F79EFBC}") = "GanGao.OAuth", "GanGao.OAuth\GanGao.OAuth.csproj", "{67DC5159-56F2-4C95-9F5B-F5C30CCBBEA3}"
EndProject
Global
	GlobalSection(SolutionConfigurationPlatforms) = preSolution
		Debug|Any CPU = Debug|Any CPU
		Release|Any CPU = Release|Any CPU
	EndGlobalSection
	GlobalSection(ProjectConfigurationPlatforms) = postSolution
		{DF2C0439-4344-4814-A388-507536292503}.Debug|Any CPU.ActiveCfg = Debug|Any CPU
		{DF2C0439-4344-4814-A388-507536292503}.Debug|Any CPU.Build.0 = Debug|Any CPU
		{DF2C0439-4344-4814-A388-507536292503}.Release|Any CPU.ActiveCfg = Release|Any CPU
		{DF2C0439-4344-4814-A388-507536292503}.Release|Any CPU.Build.0 = Release|Any CPU
		{B894CDC8-789E-45B0-8050-176CDAAEE2AD}.Debug|Any CPU.ActiveCfg = Debug|Any CPU
		{B894CDC8-789E-45B0-8050-176CDAAEE2AD}.Debug|Any CPU.Build.0 = Debug|Any CPU
		{B894CDC8-789E-45B0-8050-176CDAAEE2AD}.Release|Any CPU.ActiveCfg = Release|Any CPU
		{B894CDC8-789E-45B0-8050-176CDAAEE2AD}.Release|Any CPU.Build.0 = Release|Any CPU
		{145A9B25-FDA3-40F6-B1FA-8A0A8E3819BB}.Debug|Any CPU.ActiveCfg = Debug|Any CPU
		{145A9B25-FDA3-40F6-B1FA-8A0A8E3819BB}.Debug|Any CPU.Build.0 = Debug|Any CPU
		{145A9B25-FDA3-40F6-B1FA-8A0A8E3819BB}.Release|Any CPU.ActiveCfg = Release|Any CPU
		{145A9B25-FDA3-40F6-B1FA-8A0A8E3819BB}.Release|Any CPU.Build.0 = Release|Any CPU
		{4C3E5686-DBEF-44C3-8D57-F46E99FF4935}.Debug|Any CPU.ActiveCfg = Debug|Any CPU
		{4C3E5686-DBEF-44C3-8D57-F46E99FF4935}.Debug|Any CPU.Build.0 = Debug|Any CPU
		{4C3E5686-DBEF-44C3-8D57-F46E99FF4935}.Release|Any CPU.ActiveCfg = Release|Any CPU
		{4C3E5686-DBEF-44C3-8D57-F46E99FF4935}.Release|Any CPU.Build.0 = Release|Any CPU
		{1249C4C7-8FD5-4416-9340-E27BE391AEF6}.Debug|Any CPU.ActiveCfg = Debug|Any CPU
		{1249C4C7-8FD5-4416-9340-E27BE391AEF6}.Debug|Any CPU.Build.0 = Debug|Any CPU
		{1249C4C7-8FD5-4416-9340-E27BE391AEF6}.Release|Any CPU.ActiveCfg = Release|Any CPU
		{1249C4C7-8FD5-4416-9340-E27BE391AEF6}.Release|Any CPU.Build.0 = Release|Any CPU
		{F14D9E78-09CB-497D-A825-68EC90EEA6DF}.Debug|Any CPU.ActiveCfg = Debug|Any CPU
		{F14D9E78-09CB-497D-A825-68EC90EEA6DF}.Debug|Any CPU.Build.0 = Debug|Any CPU
		{F14D9E78-09CB-497D-A825-68EC90EEA6DF}.Release|Any CPU.ActiveCfg = Release|Any CPU
		{F14D9E78-09CB-497D-A825-68EC90EEA6DF}.Release|Any CPU.Build.0 = Release|Any CPU
		{0F29AACC-7801-4B38-8059-4CBCEC9B7FC9}.Debug|Any CPU.ActiveCfg = Debug|Any CPU
		{0F29AACC-7801-4B38-8059-4CBCEC9B7FC9}.Debug|Any CPU.Build.0 = Debug|Any CPU
		{0F29AACC-7801-4B38-8059-4CBCEC9B7FC9}.Release|Any CPU.ActiveCfg = Release|Any CPU
		{0F29AACC-7801-4B38-8059-4CBCEC9B7FC9}.Release|Any CPU.Build.0 = Release|Any CPU
		{5B710635-0AC0-4940-A6E7-AEBC58413FC4}.Debug|Any CPU.ActiveCfg = Debug|Any CPU
		{5B710635-0AC0-4940-A6E7-AEBC58413FC4}.Debug|Any CPU.Build.0 = Debug|Any CPU
		{5B710635-0AC0-4940-A6E7-AEBC58413FC4}.Release|Any CPU.ActiveCfg = Release|Any CPU
		{5B710635-0AC0-4940-A6E7-AEBC58413FC4}.Release|Any CPU.Build.0 = Release|Any CPU
		{67DC5159-56F2-4C95-9F5B-F5C30CCBBEA3}.Debug|Any CPU.ActiveCfg = Debug|Any CPU
		{67DC5159-56F2-4C95-9F5B-F5C30CCBBEA3}.Debug|Any CPU.Build.0 = Debug|Any CPU
		{67DC5159-56F2-4C95-9F5B-F5C30CCBBEA3}.Release|Any CPU.ActiveCfg = Release|Any CPU
		{67DC5159-56F2-4C95-9F5B-F5C30CCBBEA3}.Release|Any CPU.Build.0 = Release|Any CPU
	EndGlobalSection
	GlobalSection(SolutionProperties) = preSolution
		HideSolutionNode = FALSE
	EndGlobalSection
	GlobalSection(NestedProjects) = preSolution
		{DF2C0439-4344-4814-A388-507536292503} = {6FFE5A92-AF87-48C7-BB8A-992E1120B437}
		{B894CDC8-789E-45B0-8050-176CDAAEE2AD} = {BE4C1B14-EB35-4D48-B62A-9840CF8B3761}
		{145A9B25-FDA3-40F6-B1FA-8A0A8E3819BB} = {BF8269B1-F5CB-49AE-98CB-EF8AFB901EBB}
		{4C3E5686-DBEF-44C3-8D57-F46E99FF4935} = {6F6ED112-4449-4233-A662-0332056C03D2}
		{1249C4C7-8FD5-4416-9340-E27BE391AEF6} = {19129A23-650C-4057-B304-61F7AEC4304E}
		{F14D9E78-09CB-497D-A825-68EC90EEA6DF} = {996188C4-F85F-401B-B328-23076D08D4D2}
		{0F29AACC-7801-4B38-8059-4CBCEC9B7FC9} = {105E1158-01A0-4221-A3A6-A7A946AA5C2A}
		{5B710635-0AC0-4940-A6E7-AEBC58413FC4} = {23ED7DFF-423C-4CE1-BE2A-610F427880D4}
		{67DC5159-56F2-4C95-9F5B-F5C30CCBBEA3} = {23ED7DFF-423C-4CE1-BE2A-610F427880D4}
	EndGlobalSection
EndGlobal
